// !$*UTF8*$!
{
	archiveVersion = 1;
	classes = {
	};
	objectVersion = 46;
	objects = {

/* Begin PBXBuildFile section */
		45AD782A1D357174007E7CFF /* JANetworkingConfiguration.swift in Sources */ = {isa = PBXBuildFile; fileRef = 45AD78291D357174007E7CFF /* JANetworkingConfiguration.swift */; };
		7407B2AB1EFB268C00C78712 /* UserViewController.swift in Sources */ = {isa = PBXBuildFile; fileRef = 7407B2AA1EFB268C00C78712 /* UserViewController.swift */; };
		7415938C1EF9C27000FBAE6A /* ObjectViewController.swift in Sources */ = {isa = PBXBuildFile; fileRef = 7415938B1EF9C27000FBAE6A /* ObjectViewController.swift */; };
		744B0F401DD66A1000999FA9 /* Post.swift in Sources */ = {isa = PBXBuildFile; fileRef = 744B0F3F1DD66A1000999FA9 /* Post.swift */; };
		744B0F451DD686A700999FA9 /* Reachability.swift in Sources */ = {isa = PBXBuildFile; fileRef = 744B0F431DD686A700999FA9 /* Reachability.swift */; };
		744B0F461DD686A700999FA9 /* JAConnectivityManager.swift in Sources */ = {isa = PBXBuildFile; fileRef = 744B0F441DD686A700999FA9 /* JAConnectivityManager.swift */; };
		745BE32B1D95AA400014BEC2 /* JANetworking.framework in Frameworks */ = {isa = PBXBuildFile; fileRef = CDD253CE1D2C16A5009E635F /* JANetworking.framework */; };
		745BE32C1D95AA400014BEC2 /* JANetworking.framework in Embed Frameworks */ = {isa = PBXBuildFile; fileRef = CDD253CE1D2C16A5009E635F /* JANetworking.framework */; settings = {ATTRIBUTES = (CodeSignOnCopy, RemoveHeadersOnCopy, ); }; };
		74B0898D1DCBF0E0007CFCFA /* User.swift in Sources */ = {isa = PBXBuildFile; fileRef = 74B0898C1DCBF0E0007CFCFA /* User.swift */; };
		74DB11A71EF87677004EEE65 /* JANetworkingErrorTests.swift in Sources */ = {isa = PBXBuildFile; fileRef = 74DB11A61EF87677004EEE65 /* JANetworkingErrorTests.swift */; };
		74DB11A91EF876A4004EEE65 /* JANetworkingResourceTests.swift in Sources */ = {isa = PBXBuildFile; fileRef = 74DB11A81EF876A4004EEE65 /* JANetworkingResourceTests.swift */; };
		74DB11AB1EF88002004EEE65 /* JANetworkingConfigurationTests.swift in Sources */ = {isa = PBXBuildFile; fileRef = 74DB11AA1EF88002004EEE65 /* JANetworkingConfigurationTests.swift */; };
		CDD253D21D2C16A5009E635F /* JANetworking.h in Headers */ = {isa = PBXBuildFile; fileRef = CDD253D11D2C16A5009E635F /* JANetworking.h */; settings = {ATTRIBUTES = (Public, ); }; };
		CDD253D91D2C16A5009E635F /* JANetworking.framework in Frameworks */ = {isa = PBXBuildFile; fileRef = CDD253CE1D2C16A5009E635F /* JANetworking.framework */; };
		CDD253DE1D2C16A5009E635F /* JANetworkingTests.swift in Sources */ = {isa = PBXBuildFile; fileRef = CDD253DD1D2C16A5009E635F /* JANetworkingTests.swift */; };
		CDD253E91D2C16D0009E635F /* JANetworking.swift in Sources */ = {isa = PBXBuildFile; fileRef = CDD253E81D2C16D0009E635F /* JANetworking.swift */; };
		CDD253EB1D2C171C009E635F /* JANetworkingResource.swift in Sources */ = {isa = PBXBuildFile; fileRef = CDD253EA1D2C171C009E635F /* JANetworkingResource.swift */; };
		CDD253F61D2C1DEF009E635F /* AppDelegate.swift in Sources */ = {isa = PBXBuildFile; fileRef = CDD253F51D2C1DEF009E635F /* AppDelegate.swift */; };
		CDD253FB1D2C1DEF009E635F /* Main.storyboard in Resources */ = {isa = PBXBuildFile; fileRef = CDD253F91D2C1DEF009E635F /* Main.storyboard */; };
		CDD253FD1D2C1DEF009E635F /* Assets.xcassets in Resources */ = {isa = PBXBuildFile; fileRef = CDD253FC1D2C1DEF009E635F /* Assets.xcassets */; };
		CDD254001D2C1DEF009E635F /* LaunchScreen.storyboard in Resources */ = {isa = PBXBuildFile; fileRef = CDD253FE1D2C1DEF009E635F /* LaunchScreen.storyboard */; };
		CDD254061D2C39B3009E635F /* JANetworkingError.swift in Sources */ = {isa = PBXBuildFile; fileRef = CDD254051D2C39B3009E635F /* JANetworkingError.swift */; };
/* End PBXBuildFile section */

/* Begin PBXContainerItemProxy section */
		745BE32D1D95AA400014BEC2 /* PBXContainerItemProxy */ = {
			isa = PBXContainerItemProxy;
			containerPortal = CDD253C51D2C16A5009E635F /* Project object */;
			proxyType = 1;
			remoteGlobalIDString = CDD253CD1D2C16A5009E635F;
			remoteInfo = JANetworking;
		};
		CDD253DA1D2C16A5009E635F /* PBXContainerItemProxy */ = {
			isa = PBXContainerItemProxy;
			containerPortal = CDD253C51D2C16A5009E635F /* Project object */;
			proxyType = 1;
			remoteGlobalIDString = CDD253CD1D2C16A5009E635F;
			remoteInfo = JANetworking;
		};
/* End PBXContainerItemProxy section */

/* Begin PBXCopyFilesBuildPhase section */
		745BE32F1D95AA400014BEC2 /* Embed Frameworks */ = {
			isa = PBXCopyFilesBuildPhase;
			buildActionMask = 2147483647;
			dstPath = "";
			dstSubfolderSpec = 10;
			files = (
				745BE32C1D95AA400014BEC2 /* JANetworking.framework in Embed Frameworks */,
			);
			name = "Embed Frameworks";
			runOnlyForDeploymentPostprocessing = 0;
		};
/* End PBXCopyFilesBuildPhase section */

/* Begin PBXFileReference section */
		45AD78291D357174007E7CFF /* JANetworkingConfiguration.swift */ = {isa = PBXFileReference; fileEncoding = 4; lastKnownFileType = sourcecode.swift; path = JANetworkingConfiguration.swift; sourceTree = "<group>"; };
		7407B2AA1EFB268C00C78712 /* UserViewController.swift */ = {isa = PBXFileReference; fileEncoding = 4; lastKnownFileType = sourcecode.swift; path = UserViewController.swift; sourceTree = "<group>"; };
		7415938B1EF9C27000FBAE6A /* ObjectViewController.swift */ = {isa = PBXFileReference; fileEncoding = 4; lastKnownFileType = sourcecode.swift; path = ObjectViewController.swift; sourceTree = "<group>"; };
		744B0F3F1DD66A1000999FA9 /* Post.swift */ = {isa = PBXFileReference; fileEncoding = 4; lastKnownFileType = sourcecode.swift; name = Post.swift; path = ../JANetworkingSampleApp/Post.swift; sourceTree = "<group>"; };
		744B0F431DD686A700999FA9 /* Reachability.swift */ = {isa = PBXFileReference; fileEncoding = 4; lastKnownFileType = sourcecode.swift; path = Reachability.swift; sourceTree = "<group>"; };
		744B0F441DD686A700999FA9 /* JAConnectivityManager.swift */ = {isa = PBXFileReference; fileEncoding = 4; lastKnownFileType = sourcecode.swift; path = JAConnectivityManager.swift; sourceTree = "<group>"; };
		74B0898C1DCBF0E0007CFCFA /* User.swift */ = {isa = PBXFileReference; fileEncoding = 4; lastKnownFileType = sourcecode.swift; name = User.swift; path = ../JANetworkingSampleApp/User.swift; sourceTree = "<group>"; };
		74DB11A61EF87677004EEE65 /* JANetworkingErrorTests.swift */ = {isa = PBXFileReference; fileEncoding = 4; lastKnownFileType = sourcecode.swift; path = JANetworkingErrorTests.swift; sourceTree = "<group>"; };
		74DB11A81EF876A4004EEE65 /* JANetworkingResourceTests.swift */ = {isa = PBXFileReference; fileEncoding = 4; lastKnownFileType = sourcecode.swift; path = JANetworkingResourceTests.swift; sourceTree = "<group>"; };
		74DB11AA1EF88002004EEE65 /* JANetworkingConfigurationTests.swift */ = {isa = PBXFileReference; fileEncoding = 4; lastKnownFileType = sourcecode.swift; path = JANetworkingConfigurationTests.swift; sourceTree = "<group>"; };
		CDD253CE1D2C16A5009E635F /* JANetworking.framework */ = {isa = PBXFileReference; explicitFileType = wrapper.framework; includeInIndex = 0; path = JANetworking.framework; sourceTree = BUILT_PRODUCTS_DIR; };
		CDD253D11D2C16A5009E635F /* JANetworking.h */ = {isa = PBXFileReference; lastKnownFileType = sourcecode.c.h; path = JANetworking.h; sourceTree = "<group>"; };
		CDD253D31D2C16A5009E635F /* Info.plist */ = {isa = PBXFileReference; lastKnownFileType = text.plist.xml; path = Info.plist; sourceTree = "<group>"; };
		CDD253D81D2C16A5009E635F /* JANetworkingTests.xctest */ = {isa = PBXFileReference; explicitFileType = wrapper.cfbundle; includeInIndex = 0; path = JANetworkingTests.xctest; sourceTree = BUILT_PRODUCTS_DIR; };
		CDD253DD1D2C16A5009E635F /* JANetworkingTests.swift */ = {isa = PBXFileReference; lastKnownFileType = sourcecode.swift; path = JANetworkingTests.swift; sourceTree = "<group>"; };
		CDD253DF1D2C16A5009E635F /* Info.plist */ = {isa = PBXFileReference; lastKnownFileType = text.plist.xml; path = Info.plist; sourceTree = "<group>"; };
		CDD253E81D2C16D0009E635F /* JANetworking.swift */ = {isa = PBXFileReference; fileEncoding = 4; lastKnownFileType = sourcecode.swift; path = JANetworking.swift; sourceTree = "<group>"; };
		CDD253EA1D2C171C009E635F /* JANetworkingResource.swift */ = {isa = PBXFileReference; fileEncoding = 4; lastKnownFileType = sourcecode.swift; path = JANetworkingResource.swift; sourceTree = "<group>"; };
		CDD253F31D2C1DEF009E635F /* JANetworkingSampleApp.app */ = {isa = PBXFileReference; explicitFileType = wrapper.application; includeInIndex = 0; path = JANetworkingSampleApp.app; sourceTree = BUILT_PRODUCTS_DIR; };
		CDD253F51D2C1DEF009E635F /* AppDelegate.swift */ = {isa = PBXFileReference; lastKnownFileType = sourcecode.swift; path = AppDelegate.swift; sourceTree = "<group>"; };
		CDD253FA1D2C1DEF009E635F /* Base */ = {isa = PBXFileReference; lastKnownFileType = file.storyboard; name = Base; path = Base.lproj/Main.storyboard; sourceTree = "<group>"; };
		CDD253FC1D2C1DEF009E635F /* Assets.xcassets */ = {isa = PBXFileReference; lastKnownFileType = folder.assetcatalog; path = Assets.xcassets; sourceTree = "<group>"; };
		CDD253FF1D2C1DEF009E635F /* Base */ = {isa = PBXFileReference; lastKnownFileType = file.storyboard; name = Base; path = Base.lproj/LaunchScreen.storyboard; sourceTree = "<group>"; };
		CDD254011D2C1DEF009E635F /* Info.plist */ = {isa = PBXFileReference; lastKnownFileType = text.plist.xml; path = Info.plist; sourceTree = "<group>"; };
		CDD254051D2C39B3009E635F /* JANetworkingError.swift */ = {isa = PBXFileReference; fileEncoding = 4; lastKnownFileType = sourcecode.swift; path = JANetworkingError.swift; sourceTree = "<group>"; };
/* End PBXFileReference section */

/* Begin PBXFrameworksBuildPhase section */
		CDD253CA1D2C16A5009E635F /* Frameworks */ = {
			isa = PBXFrameworksBuildPhase;
			buildActionMask = 2147483647;
			files = (
			);
			runOnlyForDeploymentPostprocessing = 0;
		};
		CDD253D51D2C16A5009E635F /* Frameworks */ = {
			isa = PBXFrameworksBuildPhase;
			buildActionMask = 2147483647;
			files = (
				CDD253D91D2C16A5009E635F /* JANetworking.framework in Frameworks */,
			);
			runOnlyForDeploymentPostprocessing = 0;
		};
		CDD253F01D2C1DEF009E635F /* Frameworks */ = {
			isa = PBXFrameworksBuildPhase;
			buildActionMask = 2147483647;
			files = (
				745BE32B1D95AA400014BEC2 /* JANetworking.framework in Frameworks */,
			);
			runOnlyForDeploymentPostprocessing = 0;
		};
/* End PBXFrameworksBuildPhase section */

/* Begin PBXGroup section */
		CDD253C41D2C16A5009E635F = {
			isa = PBXGroup;
			children = (
				CDD253D01D2C16A5009E635F /* JANetworking */,
				CDD253DC1D2C16A5009E635F /* JANetworkingTests */,
				CDD253F41D2C1DEF009E635F /* JANetworkingSampleApp */,
				CDD253CF1D2C16A5009E635F /* Products */,
			);
			sourceTree = "<group>";
		};
		CDD253CF1D2C16A5009E635F /* Products */ = {
			isa = PBXGroup;
			children = (
				CDD253CE1D2C16A5009E635F /* JANetworking.framework */,
				CDD253D81D2C16A5009E635F /* JANetworkingTests.xctest */,
				CDD253F31D2C1DEF009E635F /* JANetworkingSampleApp.app */,
			);
			name = Products;
			sourceTree = "<group>";
		};
		CDD253D01D2C16A5009E635F /* JANetworking */ = {
			isa = PBXGroup;
			children = (
				CDD253D11D2C16A5009E635F /* JANetworking.h */,
				CDD253D31D2C16A5009E635F /* Info.plist */,
				CDD253E81D2C16D0009E635F /* JANetworking.swift */,
				45AD78291D357174007E7CFF /* JANetworkingConfiguration.swift */,
				CDD253EA1D2C171C009E635F /* JANetworkingResource.swift */,
				CDD254051D2C39B3009E635F /* JANetworkingError.swift */,
				744B0F431DD686A700999FA9 /* Reachability.swift */,
				744B0F441DD686A700999FA9 /* JAConnectivityManager.swift */,
			);
			path = JANetworking;
			sourceTree = "<group>";
		};
		CDD253DC1D2C16A5009E635F /* JANetworkingTests */ = {
			isa = PBXGroup;
			children = (
				CDD253DD1D2C16A5009E635F /* JANetworkingTests.swift */,
				74DB11AA1EF88002004EEE65 /* JANetworkingConfigurationTests.swift */,
				74DB11A61EF87677004EEE65 /* JANetworkingErrorTests.swift */,
				74DB11A81EF876A4004EEE65 /* JANetworkingResourceTests.swift */,
				CDD253DF1D2C16A5009E635F /* Info.plist */,
			);
			path = JANetworkingTests;
			sourceTree = "<group>";
		};
		CDD253EC1D2C193C009E635F /* Mock Models */ = {
			isa = PBXGroup;
			children = (
				74B0898C1DCBF0E0007CFCFA /* User.swift */,
				744B0F3F1DD66A1000999FA9 /* Post.swift */,
			);
			name = "Mock Models";
			path = ../JANetworkingTests;
			sourceTree = "<group>";
		};
		CDD253F41D2C1DEF009E635F /* JANetworkingSampleApp */ = {
			isa = PBXGroup;
			children = (
				CDD253EC1D2C193C009E635F /* Mock Models */,
				CDD253F51D2C1DEF009E635F /* AppDelegate.swift */,
				7415938B1EF9C27000FBAE6A /* ObjectViewController.swift */,
				7407B2AA1EFB268C00C78712 /* UserViewController.swift */,
				CDD253F91D2C1DEF009E635F /* Main.storyboard */,
				CDD253FC1D2C1DEF009E635F /* Assets.xcassets */,
				CDD253FE1D2C1DEF009E635F /* LaunchScreen.storyboard */,
				CDD254011D2C1DEF009E635F /* Info.plist */,
			);
			path = JANetworkingSampleApp;
			sourceTree = "<group>";
		};
/* End PBXGroup section */

/* Begin PBXHeadersBuildPhase section */
		CDD253CB1D2C16A5009E635F /* Headers */ = {
			isa = PBXHeadersBuildPhase;
			buildActionMask = 2147483647;
			files = (
				CDD253D21D2C16A5009E635F /* JANetworking.h in Headers */,
			);
			runOnlyForDeploymentPostprocessing = 0;
		};
/* End PBXHeadersBuildPhase section */

/* Begin PBXNativeTarget section */
		CDD253CD1D2C16A5009E635F /* JANetworking */ = {
			isa = PBXNativeTarget;
			buildConfigurationList = CDD253E21D2C16A5009E635F /* Build configuration list for PBXNativeTarget "JANetworking" */;
			buildPhases = (
				CDD253C91D2C16A5009E635F /* Sources */,
				CDD253CA1D2C16A5009E635F /* Frameworks */,
				CDD253CB1D2C16A5009E635F /* Headers */,
				CDD253CC1D2C16A5009E635F /* Resources */,
			);
			buildRules = (
			);
			dependencies = (
			);
			name = JANetworking;
			productName = JANetworking;
			productReference = CDD253CE1D2C16A5009E635F /* JANetworking.framework */;
			productType = "com.apple.product-type.framework";
		};
		CDD253D71D2C16A5009E635F /* JANetworkingTests */ = {
			isa = PBXNativeTarget;
			buildConfigurationList = CDD253E51D2C16A5009E635F /* Build configuration list for PBXNativeTarget "JANetworkingTests" */;
			buildPhases = (
				CDD253D41D2C16A5009E635F /* Sources */,
				CDD253D51D2C16A5009E635F /* Frameworks */,
				CDD253D61D2C16A5009E635F /* Resources */,
			);
			buildRules = (
			);
			dependencies = (
				CDD253DB1D2C16A5009E635F /* PBXTargetDependency */,
			);
			name = JANetworkingTests;
			productName = JANetworkingTests;
			productReference = CDD253D81D2C16A5009E635F /* JANetworkingTests.xctest */;
			productType = "com.apple.product-type.bundle.unit-test";
		};
		CDD253F21D2C1DEF009E635F /* JANetworkingSampleApp */ = {
			isa = PBXNativeTarget;
			buildConfigurationList = CDD254021D2C1DEF009E635F /* Build configuration list for PBXNativeTarget "JANetworkingSampleApp" */;
			buildPhases = (
				CDD253EF1D2C1DEF009E635F /* Sources */,
				CDD253F11D2C1DEF009E635F /* Resources */,
				CDD253F01D2C1DEF009E635F /* Frameworks */,
				745BE32F1D95AA400014BEC2 /* Embed Frameworks */,
			);
			buildRules = (
			);
			dependencies = (
				745BE32E1D95AA400014BEC2 /* PBXTargetDependency */,
			);
			name = JANetworkingSampleApp;
			productName = JANetworkingSampleApp;
			productReference = CDD253F31D2C1DEF009E635F /* JANetworkingSampleApp.app */;
			productType = "com.apple.product-type.application";
		};
/* End PBXNativeTarget section */

/* Begin PBXProject section */
		CDD253C51D2C16A5009E635F /* Project object */ = {
			isa = PBXProject;
			attributes = {
				LastSwiftUpdateCheck = 0730;
				LastUpgradeCheck = 0800;
				ORGANIZATIONNAME = JAKT;
				TargetAttributes = {
					CDD253CD1D2C16A5009E635F = {
						CreatedOnToolsVersion = 7.3.1;
						DevelopmentTeam = 2PG2ASWQ43;
						LastSwiftMigration = 0800;
					};
					CDD253D71D2C16A5009E635F = {
						CreatedOnToolsVersion = 7.3.1;
						LastSwiftMigration = 0830;
					};
					CDD253F21D2C1DEF009E635F = {
						CreatedOnToolsVersion = 7.3.1;
						DevelopmentTeam = 2PG2ASWQ43;
						LastSwiftMigration = 0800;
					};
				};
			};
			buildConfigurationList = CDD253C81D2C16A5009E635F /* Build configuration list for PBXProject "JANetworking" */;
			compatibilityVersion = "Xcode 3.2";
			developmentRegion = English;
			hasScannedForEncodings = 0;
			knownRegions = (
				en,
				Base,
			);
			mainGroup = CDD253C41D2C16A5009E635F;
			productRefGroup = CDD253CF1D2C16A5009E635F /* Products */;
			projectDirPath = "";
			projectRoot = "";
			targets = (
				CDD253CD1D2C16A5009E635F /* JANetworking */,
				CDD253D71D2C16A5009E635F /* JANetworkingTests */,
				CDD253F21D2C1DEF009E635F /* JANetworkingSampleApp */,
			);
		};
/* End PBXProject section */

/* Begin PBXResourcesBuildPhase section */
		CDD253CC1D2C16A5009E635F /* Resources */ = {
			isa = PBXResourcesBuildPhase;
			buildActionMask = 2147483647;
			files = (
			);
			runOnlyForDeploymentPostprocessing = 0;
		};
		CDD253D61D2C16A5009E635F /* Resources */ = {
			isa = PBXResourcesBuildPhase;
			buildActionMask = 2147483647;
			files = (
			);
			runOnlyForDeploymentPostprocessing = 0;
		};
		CDD253F11D2C1DEF009E635F /* Resources */ = {
			isa = PBXResourcesBuildPhase;
			buildActionMask = 2147483647;
			files = (
				CDD254001D2C1DEF009E635F /* LaunchScreen.storyboard in Resources */,
				CDD253FD1D2C1DEF009E635F /* Assets.xcassets in Resources */,
				CDD253FB1D2C1DEF009E635F /* Main.storyboard in Resources */,
			);
			runOnlyForDeploymentPostprocessing = 0;
		};
/* End PBXResourcesBuildPhase section */

/* Begin PBXSourcesBuildPhase section */
		CDD253C91D2C16A5009E635F /* Sources */ = {
			isa = PBXSourcesBuildPhase;
			buildActionMask = 2147483647;
			files = (
				744B0F451DD686A700999FA9 /* Reachability.swift in Sources */,
				CDD253E91D2C16D0009E635F /* JANetworking.swift in Sources */,
				45AD782A1D357174007E7CFF /* JANetworkingConfiguration.swift in Sources */,
				CDD254061D2C39B3009E635F /* JANetworkingError.swift in Sources */,
				744B0F461DD686A700999FA9 /* JAConnectivityManager.swift in Sources */,
				CDD253EB1D2C171C009E635F /* JANetworkingResource.swift in Sources */,
			);
			runOnlyForDeploymentPostprocessing = 0;
		};
		CDD253D41D2C16A5009E635F /* Sources */ = {
			isa = PBXSourcesBuildPhase;
			buildActionMask = 2147483647;
			files = (
				CDD253DE1D2C16A5009E635F /* JANetworkingTests.swift in Sources */,
				74DB11AB1EF88002004EEE65 /* JANetworkingConfigurationTests.swift in Sources */,
				74DB11A91EF876A4004EEE65 /* JANetworkingResourceTests.swift in Sources */,
				74DB11A71EF87677004EEE65 /* JANetworkingErrorTests.swift in Sources */,
			);
			runOnlyForDeploymentPostprocessing = 0;
		};
		CDD253EF1D2C1DEF009E635F /* Sources */ = {
			isa = PBXSourcesBuildPhase;
			buildActionMask = 2147483647;
			files = (
				74B0898D1DCBF0E0007CFCFA /* User.swift in Sources */,
				7407B2AB1EFB268C00C78712 /* UserViewController.swift in Sources */,
				CDD253F61D2C1DEF009E635F /* AppDelegate.swift in Sources */,
				744B0F401DD66A1000999FA9 /* Post.swift in Sources */,
				7415938C1EF9C27000FBAE6A /* ObjectViewController.swift in Sources */,
			);
			runOnlyForDeploymentPostprocessing = 0;
		};
/* End PBXSourcesBuildPhase section */

/* Begin PBXTargetDependency section */
		745BE32E1D95AA400014BEC2 /* PBXTargetDependency */ = {
			isa = PBXTargetDependency;
			target = CDD253CD1D2C16A5009E635F /* JANetworking */;
			targetProxy = 745BE32D1D95AA400014BEC2 /* PBXContainerItemProxy */;
		};
		CDD253DB1D2C16A5009E635F /* PBXTargetDependency */ = {
			isa = PBXTargetDependency;
			target = CDD253CD1D2C16A5009E635F /* JANetworking */;
			targetProxy = CDD253DA1D2C16A5009E635F /* PBXContainerItemProxy */;
		};
/* End PBXTargetDependency section */

/* Begin PBXVariantGroup section */
		CDD253F91D2C1DEF009E635F /* Main.storyboard */ = {
			isa = PBXVariantGroup;
			children = (
				CDD253FA1D2C1DEF009E635F /* Base */,
			);
			name = Main.storyboard;
			sourceTree = "<group>";
		};
		CDD253FE1D2C1DEF009E635F /* LaunchScreen.storyboard */ = {
			isa = PBXVariantGroup;
			children = (
				CDD253FF1D2C1DEF009E635F /* Base */,
			);
			name = LaunchScreen.storyboard;
			sourceTree = "<group>";
		};
/* End PBXVariantGroup section */

/* Begin XCBuildConfiguration section */
		CDD253E01D2C16A5009E635F /* Debug */ = {
			isa = XCBuildConfiguration;
			buildSettings = {
				ALWAYS_SEARCH_USER_PATHS = NO;
				CLANG_ANALYZER_NONNULL = YES;
				CLANG_CXX_LANGUAGE_STANDARD = "gnu++0x";
				CLANG_CXX_LIBRARY = "libc++";
				CLANG_ENABLE_MODULES = YES;
				CLANG_ENABLE_OBJC_ARC = YES;
				CLANG_WARN_BOOL_CONVERSION = YES;
				CLANG_WARN_CONSTANT_CONVERSION = YES;
				CLANG_WARN_DIRECT_OBJC_ISA_USAGE = YES_ERROR;
				CLANG_WARN_EMPTY_BODY = YES;
				CLANG_WARN_ENUM_CONVERSION = YES;
				CLANG_WARN_INFINITE_RECURSION = YES;
				CLANG_WARN_INT_CONVERSION = YES;
				CLANG_WARN_OBJC_ROOT_CLASS = YES_ERROR;
				CLANG_WARN_SUSPICIOUS_MOVE = YES;
				CLANG_WARN_UNREACHABLE_CODE = YES;
				CLANG_WARN__DUPLICATE_METHOD_MATCH = YES;
				"CODE_SIGN_IDENTITY[sdk=iphoneos*]" = "iPhone Developer";
				COPY_PHASE_STRIP = NO;
				CURRENT_PROJECT_VERSION = 1;
				DEBUG_INFORMATION_FORMAT = dwarf;
				ENABLE_STRICT_OBJC_MSGSEND = YES;
				ENABLE_TESTABILITY = YES;
				GCC_C_LANGUAGE_STANDARD = gnu99;
				GCC_DYNAMIC_NO_PIC = NO;
				GCC_NO_COMMON_BLOCKS = YES;
				GCC_OPTIMIZATION_LEVEL = 0;
				GCC_PREPROCESSOR_DEFINITIONS = (
					"DEBUG=1",
					"$(inherited)",
				);
				GCC_WARN_64_TO_32_BIT_CONVERSION = YES;
				GCC_WARN_ABOUT_RETURN_TYPE = YES_ERROR;
				GCC_WARN_UNDECLARED_SELECTOR = YES;
				GCC_WARN_UNINITIALIZED_AUTOS = YES_AGGRESSIVE;
				GCC_WARN_UNUSED_FUNCTION = YES;
				GCC_WARN_UNUSED_VARIABLE = YES;
				IPHONEOS_DEPLOYMENT_TARGET = 8.0;
				MTL_ENABLE_DEBUG_INFO = YES;
				ONLY_ACTIVE_ARCH = YES;
				SDKROOT = iphoneos;
				SWIFT_OPTIMIZATION_LEVEL = "-Onone";
				TARGETED_DEVICE_FAMILY = "1,2";
				VERSIONING_SYSTEM = "apple-generic";
				VERSION_INFO_PREFIX = "";
			};
			name = Debug;
		};
		CDD253E11D2C16A5009E635F /* Release */ = {
			isa = XCBuildConfiguration;
			buildSettings = {
				ALWAYS_SEARCH_USER_PATHS = NO;
				CLANG_ANALYZER_NONNULL = YES;
				CLANG_CXX_LANGUAGE_STANDARD = "gnu++0x";
				CLANG_CXX_LIBRARY = "libc++";
				CLANG_ENABLE_MODULES = YES;
				CLANG_ENABLE_OBJC_ARC = YES;
				CLANG_WARN_BOOL_CONVERSION = YES;
				CLANG_WARN_CONSTANT_CONVERSION = YES;
				CLANG_WARN_DIRECT_OBJC_ISA_USAGE = YES_ERROR;
				CLANG_WARN_EMPTY_BODY = YES;
				CLANG_WARN_ENUM_CONVERSION = YES;
				CLANG_WARN_INFINITE_RECURSION = YES;
				CLANG_WARN_INT_CONVERSION = YES;
				CLANG_WARN_OBJC_ROOT_CLASS = YES_ERROR;
				CLANG_WARN_SUSPICIOUS_MOVE = YES;
				CLANG_WARN_UNREACHABLE_CODE = YES;
				CLANG_WARN__DUPLICATE_METHOD_MATCH = YES;
				"CODE_SIGN_IDENTITY[sdk=iphoneos*]" = "iPhone Developer";
				COPY_PHASE_STRIP = NO;
				CURRENT_PROJECT_VERSION = 1;
				DEBUG_INFORMATION_FORMAT = "dwarf-with-dsym";
				ENABLE_NS_ASSERTIONS = NO;
				ENABLE_STRICT_OBJC_MSGSEND = YES;
				GCC_C_LANGUAGE_STANDARD = gnu99;
				GCC_NO_COMMON_BLOCKS = YES;
				GCC_WARN_64_TO_32_BIT_CONVERSION = YES;
				GCC_WARN_ABOUT_RETURN_TYPE = YES_ERROR;
				GCC_WARN_UNDECLARED_SELECTOR = YES;
				GCC_WARN_UNINITIALIZED_AUTOS = YES_AGGRESSIVE;
				GCC_WARN_UNUSED_FUNCTION = YES;
				GCC_WARN_UNUSED_VARIABLE = YES;
				IPHONEOS_DEPLOYMENT_TARGET = 8.0;
				MTL_ENABLE_DEBUG_INFO = NO;
				SDKROOT = iphoneos;
				SWIFT_OPTIMIZATION_LEVEL = "-Owholemodule";
				TARGETED_DEVICE_FAMILY = "1,2";
				VALIDATE_PRODUCT = YES;
				VERSIONING_SYSTEM = "apple-generic";
				VERSION_INFO_PREFIX = "";
			};
			name = Release;
		};
		CDD253E31D2C16A5009E635F /* Debug */ = {
			isa = XCBuildConfiguration;
			buildSettings = {
				CLANG_ENABLE_MODULES = YES;
				"CODE_SIGN_IDENTITY[sdk=iphoneos*]" = "";
				DEFINES_MODULE = YES;
				DEVELOPMENT_TEAM = 2PG2ASWQ43;
				DYLIB_COMPATIBILITY_VERSION = 1;
				DYLIB_CURRENT_VERSION = 1;
				DYLIB_INSTALL_NAME_BASE = "@rpath";
				INFOPLIST_FILE = JANetworking/Info.plist;
				INSTALL_PATH = "$(LOCAL_LIBRARY_DIR)/Frameworks";
				LD_RUNPATH_SEARCH_PATHS = "$(inherited) @executable_path/Frameworks @loader_path/Frameworks";
				PRODUCT_BUNDLE_IDENTIFIER = com.jakt.JANetworking;
				PRODUCT_NAME = "$(TARGET_NAME)";
				SKIP_INSTALL = YES;
				SWIFT_OPTIMIZATION_LEVEL = "-Onone";
				SWIFT_VERSION = 3.0;
			};
			name = Debug;
		};
		CDD253E41D2C16A5009E635F /* Release */ = {
			isa = XCBuildConfiguration;
			buildSettings = {
				CLANG_ENABLE_MODULES = YES;
				"CODE_SIGN_IDENTITY[sdk=iphoneos*]" = "";
				DEFINES_MODULE = YES;
				DEVELOPMENT_TEAM = 2PG2ASWQ43;
				DYLIB_COMPATIBILITY_VERSION = 1;
				DYLIB_CURRENT_VERSION = 1;
				DYLIB_INSTALL_NAME_BASE = "@rpath";
				INFOPLIST_FILE = JANetworking/Info.plist;
				INSTALL_PATH = "$(LOCAL_LIBRARY_DIR)/Frameworks";
				LD_RUNPATH_SEARCH_PATHS = "$(inherited) @executable_path/Frameworks @loader_path/Frameworks";
				PRODUCT_BUNDLE_IDENTIFIER = com.jakt.JANetworking;
				PRODUCT_NAME = "$(TARGET_NAME)";
				SKIP_INSTALL = YES;
				SWIFT_VERSION = 3.0;
			};
			name = Release;
		};
		CDD253E61D2C16A5009E635F /* Debug */ = {
			isa = XCBuildConfiguration;
			buildSettings = {
				INFOPLIST_FILE = JANetworkingTests/Info.plist;
				LD_RUNPATH_SEARCH_PATHS = "$(inherited) @executable_path/Frameworks @loader_path/Frameworks";
				PRODUCT_BUNDLE_IDENTIFIER = com.jakt.JANetworkingTests;
				PRODUCT_NAME = "$(TARGET_NAME)";
				SWIFT_VERSION = 3.0;
			};
			name = Debug;
		};
		CDD253E71D2C16A5009E635F /* Release */ = {
			isa = XCBuildConfiguration;
			buildSettings = {
				INFOPLIST_FILE = JANetworkingTests/Info.plist;
				LD_RUNPATH_SEARCH_PATHS = "$(inherited) @executable_path/Frameworks @loader_path/Frameworks";
				PRODUCT_BUNDLE_IDENTIFIER = com.jakt.JANetworkingTests;
				PRODUCT_NAME = "$(TARGET_NAME)";
				SWIFT_VERSION = 3.0;
			};
			name = Release;
		};
		CDD254031D2C1DEF009E635F /* Debug */ = {
			isa = XCBuildConfiguration;
			buildSettings = {
				ALWAYS_EMBED_SWIFT_STANDARD_LIBRARIES = YES;
				ASSETCATALOG_COMPILER_APPICON_NAME = AppIcon;
				DEVELOPMENT_TEAM = 2PG2ASWQ43;
				INFOPLIST_FILE = JANetworkingSampleApp/Info.plist;
				LD_RUNPATH_SEARCH_PATHS = "$(inherited) @executable_path/Frameworks";
				PRODUCT_BUNDLE_IDENTIFIER = com.jakt.JANetworkingSampleApp;
				PRODUCT_NAME = "$(TARGET_NAME)";
				SWIFT_VERSION = 3.0;
			};
			name = Debug;
		};
		CDD254041D2C1DEF009E635F /* Release */ = {
			isa = XCBuildConfiguration;
			buildSettings = {
				ALWAYS_EMBED_SWIFT_STANDARD_LIBRARIES = YES;
				ASSETCATALOG_COMPILER_APPICON_NAME = AppIcon;
				DEVELOPMENT_TEAM = 2PG2ASWQ43;
				INFOPLIST_FILE = JANetworkingSampleApp/Info.plist;
				LD_RUNPATH_SEARCH_PATHS = "$(inherited) @executable_path/Frameworks";
				PRODUCT_BUNDLE_IDENTIFIER = com.jakt.JANetworkingSampleApp;
				PRODUCT_NAME = "$(TARGET_NAME)";
				SWIFT_VERSION = 3.0;
			};
			name = Release;
		};
/* End XCBuildConfiguration section */

/* Begin XCConfigurationList section */
		CDD253C81D2C16A5009E635F /* Build configuration list for PBXProject "JANetworking" */ = {
			isa = XCConfigurationList;
			buildConfigurations = (
				CDD253E01D2C16A5009E635F /* Debug */,
				CDD253E11D2C16A5009E635F /* Release */,
			);
			defaultConfigurationIsVisible = 0;
			defaultConfigurationName = Release;
		};
		CDD253E21D2C16A5009E635F /* Build configuration list for PBXNativeTarget "JANetworking" */ = {
			isa = XCConfigurationList;
			buildConfigurations = (
				CDD253E31D2C16A5009E635F /* Debug */,
				CDD253E41D2C16A5009E635F /* Release */,
			);
			defaultConfigurationIsVisible = 0;
			defaultConfigurationName = Release;
		};
		CDD253E51D2C16A5009E635F /* Build configuration list for PBXNativeTarget "JANetworkingTests" */ = {
			isa = XCConfigurationList;
			buildConfigurations = (
				CDD253E61D2C16A5009E635F /* Debug */,
				CDD253E71D2C16A5009E635F /* Release */,
			);
			defaultConfigurationIsVisible = 0;
			defaultConfigurationName = Release;
		};
		CDD254021D2C1DEF009E635F /* Build configuration list for PBXNativeTarget "JANetworkingSampleApp" */ = {
			isa = XCConfigurationList;
			buildConfigurations = (
				CDD254031D2C1DEF009E635F /* Debug */,
				CDD254041D2C1DEF009E635F /* Release */,
			);
			defaultConfigurationIsVisible = 0;
			defaultConfigurationName = Release;
		};
/* End XCConfigurationList section */
	};
	rootObject = CDD253C51D2C16A5009E635F /* Project object */;
}
